
Microsoft Visual Studio Solution File, Format Version 12.00
# Visual Studio Version 17
VisualStudioVersion = 17.10.34916.146
MinimumVisualStudioVersion = 10.0.40219.1
Project("{FAE04EC0-301F-11D3-BF4B-00C04F79EFBC}") = "WMS_ADIB", "WMS_ADIB\WMS_ADIB.csproj", "{408B4C0F-1CA6-490C-B4CB-64329A06E5BA}"
EndProject
Global
	GlobalSection(SolutionConfigurationPlatforms) = preSolution
		Debug|Any CPU = Debug|Any CPU
		Release|Any CPU = Release|Any CPU
	EndGlobalSection
	GlobalSection(ProjectConfigurationPlatforms) = postSolution
		{408B4C0F-1CA6-490C-B4CB-64329A06E5BA}.Debug|Any CPU.ActiveCfg = Debug|Any CPU
		{408B4C0F-1CA6-490C-B4CB-64329A06E5BA}.Debug|Any CPU.Build.0 = Debug|Any CPU
		{408B4C0F-1CA6-490C-B4CB-64329A06E5BA}.Release|Any CPU.ActiveCfg = Release|Any CPU
		{408B4C0F-1CA6-490C-B4CB-64329A06E5BA}.Release|Any CPU.Build.0 = Release|Any CPU
	EndGlobalSection
	GlobalSection(SolutionProperties) = preSolution
		HideSolutionNode = FALSE
	EndGlobalSection
	GlobalSection(ExtensibilityGlobals) = postSolution
		SolutionGuid = {E399F6C3-1271-484B-939D-5E0038419159}
	EndGlobalSection
EndGlobal
